
Microsoft Visual Studio Solution File, Format Version 12.00
# Visual Studio Version 17
VisualStudioVersion = 17.2.32505.173
MinimumVisualStudioVersion = 10.0.40219.1
Project("{FAE04EC0-301F-11D3-BF4B-00C04F79EFBC}") = "Cab_Invoice_Generator", "Cab_Invoice_Generator\Cab_Invoice_Generator.csproj", "{03D4A79A-95B8-48B2-B4CE-201B718663CB}"
EndProject
Project("{FAE04EC0-301F-11D3-BF4B-00C04F79EFBC}") = "CabInvoiceGeneratorTest", "CabInvoiceGeneratorTest\CabInvoiceGeneratorTest.csproj", "{CA6DD264-A4AB-4D84-8959-62A14A08FBDA}"
EndProject
Global
	GlobalSection(SolutionConfigurationPlatforms) = preSolution
		Debug|Any CPU = Debug|Any CPU
		Release|Any CPU = Release|Any CPU
	EndGlobalSection
	GlobalSection(ProjectConfigurationPlatforms) = postSolution
		{03D4A79A-95B8-48B2-B4CE-201B718663CB}.Debug|Any CPU.ActiveCfg = Debug|Any CPU
		{03D4A79A-95B8-48B2-B4CE-201B718663CB}.Debug|Any CPU.Build.0 = Debug|Any CPU
		{03D4A79A-95B8-48B2-B4CE-201B718663CB}.Release|Any CPU.ActiveCfg = Release|Any CPU
		{03D4A79A-95B8-48B2-B4CE-201B718663CB}.Release|Any CPU.Build.0 = Release|Any CPU
		{CA6DD264-A4AB-4D84-8959-62A14A08FBDA}.Debug|Any CPU.ActiveCfg = Debug|Any CPU
		{CA6DD264-A4AB-4D84-8959-62A14A08FBDA}.Debug|Any CPU.Build.0 = Debug|Any CPU
		{CA6DD264-A4AB-4D84-8959-62A14A08FBDA}.Release|Any CPU.ActiveCfg = Release|Any CPU
		{CA6DD264-A4AB-4D84-8959-62A14A08FBDA}.Release|Any CPU.Build.0 = Release|Any CPU
	EndGlobalSection
	GlobalSection(SolutionProperties) = preSolution
		HideSolutionNode = FALSE
	EndGlobalSection
	GlobalSection(ExtensibilityGlobals) = postSolution
		SolutionGuid = {390941C8-B057-4029-AD8A-5BB1C26A06B5}
	EndGlobalSection
EndGlobal
